
Microsoft Visual Studio Solution File, Format Version 12.00
# Visual Studio 15
VisualStudioVersion = 15.0.34112.143
MinimumVisualStudioVersion = 10.0.40219.1
Project("{FAE04EC0-301F-11D3-BF4B-00C04F79EFBC}") = "BBBHukuk", "BBBHukuk\BBBHukuk.csproj", "{1E2E2022-91C4-43E1-9834-3F99163E29E2}"
EndProject
Global
	GlobalSection(SolutionConfigurationPlatforms) = preSolution
		Debug|Any CPU = Debug|Any CPU
		Release|Any CPU = Release|Any CPU
	EndGlobalSection
	GlobalSection(ProjectConfigurationPlatforms) = postSolution
		{1E2E2022-91C4-43E1-9834-3F99163E29E2}.Debug|Any CPU.ActiveCfg = Debug|Any CPU
		{1E2E2022-91C4-43E1-9834-3F99163E29E2}.Debug|Any CPU.Build.0 = Debug|Any CPU
		{1E2E2022-91C4-43E1-9834-3F99163E29E2}.Release|Any CPU.ActiveCfg = Release|Any CPU
		{1E2E2022-91C4-43E1-9834-3F99163E29E2}.Release|Any CPU.Build.0 = Release|Any CPU
	EndGlobalSection
	GlobalSection(SolutionProperties) = preSolution
		HideSolutionNode = FALSE
	EndGlobalSection
	GlobalSection(ExtensibilityGlobals) = postSolution
		SolutionGuid = {DDF0BCD4-AD2A-49A0-B04D-1FB328FFD333}
	EndGlobalSection
EndGlobal
